
Microsoft Visual Studio Solution File, Format Version 12.00
# Visual Studio Version 17
VisualStudioVersion = 17.13.35931.197
MinimumVisualStudioVersion = 10.0.40219.1
Project("{FAE04EC0-301F-11D3-BF4B-00C04F79EFBC}") = "BilQalaam", "BilQalaam\BilQalaam.csproj", "{71B84933-9D21-445B-9835-0DF94D8BCD16}"
EndProject
Project("{FAE04EC0-301F-11D3-BF4B-00C04F79EFBC}") = "BilQalaam.Application", "BilQalaam.Application\BilQalaam.Application.csproj", "{CEC96690-B6B8-4D35-A4B7-CE10CBB3E8B4}"
EndProject
Project("{FAE04EC0-301F-11D3-BF4B-00C04F79EFBC}") = "BilQalaam.Domain", "BilQalaam.Domain\BilQalaam.Domain.csproj", "{CD1B0F64-3324-4811-9788-EE3DC88BA2D5}"
EndProject
Project("{FAE04EC0-301F-11D3-BF4B-00C04F79EFBC}") = "BilQalaam.Infrastructure", "BilQalaam.Infrastructure\BilQalaam.Infrastructure.csproj", "{70F2E326-30BD-4642-B372-DAD95D477F67}"
EndProject
Project("{2150E333-8FDC-42A3-9474-1A3956D46DE8}") = "Solution Items", "Solution Items", "{8EC462FD-D22E-90A8-E5CE-7E832BA40C5D}"
	ProjectSection(SolutionItems) = preProject
		Dockerfile = Dockerfile
	EndProjectSection
EndProject
Global
	GlobalSection(SolutionConfigurationPlatforms) = preSolution
		Debug|Any CPU = Debug|Any CPU
		Release|Any CPU = Release|Any CPU
	EndGlobalSection
	GlobalSection(ProjectConfigurationPlatforms) = postSolution
		{71B84933-9D21-445B-9835-0DF94D8BCD16}.Debug|Any CPU.ActiveCfg = Debug|Any CPU
		{71B84933-9D21-445B-9835-0DF94D8BCD16}.Debug|Any CPU.Build.0 = Debug|Any CPU
		{71B84933-9D21-445B-9835-0DF94D8BCD16}.Release|Any CPU.ActiveCfg = Release|Any CPU
		{71B84933-9D21-445B-9835-0DF94D8BCD16}.Release|Any CPU.Build.0 = Release|Any CPU
		{CEC96690-B6B8-4D35-A4B7-CE10CBB3E8B4}.Debug|Any CPU.ActiveCfg = Debug|Any CPU
		{CEC96690-B6B8-4D35-A4B7-CE10CBB3E8B4}.Debug|Any CPU.Build.0 = Debug|Any CPU
		{CEC96690-B6B8-4D35-A4B7-CE10CBB3E8B4}.Release|Any CPU.ActiveCfg = Release|Any CPU
		{CEC96690-B6B8-4D35-A4B7-CE10CBB3E8B4}.Release|Any CPU.Build.0 = Release|Any CPU
		{CD1B0F64-3324-4811-9788-EE3DC88BA2D5}.Debug|Any CPU.ActiveCfg = Debug|Any CPU
		{CD1B0F64-3324-4811-9788-EE3DC88BA2D5}.Debug|Any CPU.Build.0 = Debug|Any CPU
		{CD1B0F64-3324-4811-9788-EE3DC88BA2D5}.Release|Any CPU.ActiveCfg = Release|Any CPU
		{CD1B0F64-3324-4811-9788-EE3DC88BA2D5}.Release|Any CPU.Build.0 = Release|Any CPU
		{70F2E326-30BD-4642-B372-DAD95D477F67}.Debug|Any CPU.ActiveCfg = Debug|Any CPU
		{70F2E326-30BD-4642-B372-DAD95D477F67}.Debug|Any CPU.Build.0 = Debug|Any CPU
		{70F2E326-30BD-4642-B372-DAD95D477F67}.Release|Any CPU.ActiveCfg = Release|Any CPU
		{70F2E326-30BD-4642-B372-DAD95D477F67}.Release|Any CPU.Build.0 = Release|Any CPU
	EndGlobalSection
	GlobalSection(SolutionProperties) = preSolution
		HideSolutionNode = FALSE
	EndGlobalSection
	GlobalSection(ExtensibilityGlobals) = postSolution
		SolutionGuid = {F545F2E2-39D9-47C1-9B10-C421B5E2E4D9}
	EndGlobalSection
EndGlobal
